// !$*UTF8*$!
{
	archiveVersion = 1;
	classes = {
	};
	objectVersion = 46;
	objects = {

/* Begin PBXBuildFile section */
		180F74E31DED5E4C0000854B /* main.m in Sources */ = {isa = PBXBuildFile; fileRef = 180F74E21DED5E4C0000854B /* main.m */; };
		180F74E61DED5E4C0000854B /* AppDelegate.m in Sources */ = {isa = PBXBuildFile; fileRef = 180F74E51DED5E4C0000854B /* AppDelegate.m */; };
		180F74E91DED5E4C0000854B /* ViewController.m in Sources */ = {isa = PBXBuildFile; fileRef = 180F74E81DED5E4C0000854B /* ViewController.m */; };
		180F74EC1DED5E4C0000854B /* Main.storyboard in Resources */ = {isa = PBXBuildFile; fileRef = 180F74EA1DED5E4C0000854B /* Main.storyboard */; };
		180F74EE1DED5E4C0000854B /* Assets.xcassets in Resources */ = {isa = PBXBuildFile; fileRef = 180F74ED1DED5E4C0000854B /* Assets.xcassets */; };
		180F74F11DED5E4C0000854B /* LaunchScreen.storyboard in Resources */ = {isa = PBXBuildFile; fileRef = 180F74EF1DED5E4C0000854B /* LaunchScreen.storyboard */; };
		180F74FA1DED5E700000854B /* FYRootViewController.m in Sources */ = {isa = PBXBuildFile; fileRef = 180F74F91DED5E700000854B /* FYRootViewController.m */; };
/* End PBXBuildFile section */

/* Begin PBXFileReference section */
		180F74DE1DED5E4C0000854B /* FYSearchViewControllorDemo.app */ = {isa = PBXFileReference; explicitFileType = wrapper.application; includeInIndex = 0; path = FYSearchViewControllorDemo.app; sourceTree = BUILT_PRODUCTS_DIR; };
		180F74E21DED5E4C0000854B /* main.m */ = {isa = PBXFileReference; lastKnownFileType = sourcecode.c.objc; path = main.m; sourceTree = "<group>"; };
		180F74E41DED5E4C0000854B /* AppDelegate.h */ = {isa = PBXFileReference; lastKnownFileType = sourcecode.c.h; path = AppDelegate.h; sourceTree = "<group>"; };
		180F74E51DED5E4C0000854B /* AppDelegate.m */ = {isa = PBXFileReference; lastKnownFileType = sourcecode.c.objc; path = AppDelegate.m; sourceTree = "<group>"; };
		180F74E71DED5E4C0000854B /* ViewController.h */ = {isa = PBXFileReference; lastKnownFileType = sourcecode.c.h; path = ViewController.h; sourceTree = "<group>"; };
		180F74E81DED5E4C0000854B /* ViewController.m */ = {isa = PBXFileReference; lastKnownFileType = sourcecode.c.objc; path = ViewController.m; sourceTree = "<group>"; };
		180F74EB1DED5E4C0000854B /* Base */ = {isa = PBXFileReference; lastKnownFileType = file.storyboard; name = Base; path = Base.lproj/Main.storyboard; sourceTree = "<group>"; };
		180F74ED1DED5E4C0000854B /* Assets.xcassets */ = {isa = PBXFileReference; lastKnownFileType = folder.assetcatalog; path = Assets.xcassets; sourceTree = "<group>"; };
		180F74F01DED5E4C0000854B /* Base */ = {isa = PBXFileReference; lastKnownFileType = file.storyboard; name = Base; path = Base.lproj/LaunchScreen.storyboard; sourceTree = "<group>"; };
		180F74F21DED5E4C0000854B /* Info.plist */ = {isa = PBXFileReference; lastKnownFileType = text.plist.xml; path = Info.plist; sourceTree = "<group>"; };
		180F74F81DED5E700000854B /* FYRootViewController.h */ = {isa = PBXFileReference; fileEncoding = 4; lastKnownFileType = sourcecode.c.h; path = FYRootViewController.h; sourceTree = "<group>"; };
		180F74F91DED5E700000854B /* FYRootViewController.m */ = {isa = PBXFileReference; fileEncoding = 4; lastKnownFileType = sourcecode.c.objc; path = FYRootViewController.m; sourceTree = "<group>"; };
/* End PBXFileReference section */

/* Begin PBXFrameworksBuildPhase section */
		180F74DB1DED5E4C0000854B /* Frameworks */ = {
			isa = PBXFrameworksBuildPhase;
			buildActionMask = 2147483647;
			files = (
			);
			runOnlyForDeploymentPostprocessing = 0;
		};
/* End PBXFrameworksBuildPhase section */

/* Begin PBXGroup section */
		180F74D51DED5E4C0000854B = {
			isa = PBXGroup;
			children = (
				180F74E01DED5E4C0000854B /* FYSearchViewControllorDemo */,
				180F74DF1DED5E4C0000854B /* Products */,
			);
			sourceTree = "<group>";
		};
		180F74DF1DED5E4C0000854B /* Products */ = {
			isa = PBXGroup;
			children = (
				180F74DE1DED5E4C0000854B /* FYSearchViewControllorDemo.app */,
			);
			name = Products;
			sourceTree = "<group>";
		};
		180F74E01DED5E4C0000854B /* FYSearchViewControllorDemo */ = {
			isa = PBXGroup;
			children = (
				180F74E41DED5E4C0000854B /* AppDelegate.h */,
				180F74E51DED5E4C0000854B /* AppDelegate.m */,
				180F74F81DED5E700000854B /* FYRootViewController.h */,
				180F74F91DED5E700000854B /* FYRootViewController.m */,
				180F74E71DED5E4C0000854B /* ViewController.h */,
				180F74E81DED5E4C0000854B /* ViewController.m */,
				180F74EA1DED5E4C0000854B /* Main.storyboard */,
				180F74ED1DED5E4C0000854B /* Assets.xcassets */,
				180F74EF1DED5E4C0000854B /* LaunchScreen.storyboard */,
				180F74F21DED5E4C0000854B /* Info.plist */,
				180F74E11DED5E4C0000854B /* Supporting Files */,
			);
			path = FYSearchViewControllorDemo;
			sourceTree = "<group>";
		};
		180F74E11DED5E4C0000854B /* Supporting Files */ = {
			isa = PBXGroup;
			children = (
				180F74E21DED5E4C0000854B /* main.m */,
			);
			name = "Supporting Files";
			sourceTree = "<group>";
		};
/* End PBXGroup section */

/* Begin PBXNativeTarget section */
		180F74DD1DED5E4C0000854B /* FYSearchViewControllorDemo */ = {
			isa = PBXNativeTarget;
			buildConfigurationList = 180F74F51DED5E4C0000854B /* Build configuration list for PBXNativeTarget "FYSearchViewControllorDemo" */;
			buildPhases = (
				180F74DA1DED5E4C0000854B /* Sources */,
				180F74DB1DED5E4C0000854B /* Frameworks */,
				180F74DC1DED5E4C0000854B /* Resources */,
			);
			buildRules = (
			);
			dependencies = (
			);
			name = FYSearchViewControllorDemo;
			productName = FYSearchViewControllorDemo;
			productReference = 180F74DE1DED5E4C0000854B /* FYSearchViewControllorDemo.app */;
			productType = "com.apple.product-type.application";
		};
/* End PBXNativeTarget section */

/* Begin PBXProject section */
		180F74D61DED5E4C0000854B /* Project object */ = {
			isa = PBXProject;
			attributes = {
				LastUpgradeCheck = 0810;
				ORGANIZATIONNAME = "Hefei Palm Peak Technology Co., Ltd.";
				TargetAttributes = {
					180F74DD1DED5E4C0000854B = {
						CreatedOnToolsVersion = 8.1;
						DevelopmentTeam = 58Z5LGMHU6;
						ProvisioningStyle = Manual;
					};
				};
			};
			buildConfigurationList = 180F74D91DED5E4C0000854B /* Build configuration list for PBXProject "FYSearchViewControllorDemo" */;
			compatibilityVersion = "Xcode 3.2";
			developmentRegion = English;
			hasScannedForEncodings = 0;
			knownRegions = (
				en,
				Base,
			);
			mainGroup = 180F74D51DED5E4C0000854B;
			productRefGroup = 180F74DF1DED5E4C0000854B /* Products */;
			projectDirPath = "";
			projectRoot = "";
			targets = (
				180F74DD1DED5E4C0000854B /* FYSearchViewControllorDemo */,
			);
		};
/* End PBXProject section */

/* Begin PBXResourcesBuildPhase section */
		180F74DC1DED5E4C0000854B /* Resources */ = {
			isa = PBXResourcesBuildPhase;
			buildActionMask = 2147483647;
			files = (
				180F74F11DED5E4C0000854B /* LaunchScreen.storyboard in Resources */,
				180F74EE1DED5E4C0000854B /* Assets.xcassets in Resources */,
				180F74EC1DED5E4C0000854B /* Main.storyboard in Resources */,
			);
			runOnlyForDeploymentPostprocessing = 0;
		};
/* End PBXResourcesBuildPhase section */

/* Begin PBXSourcesBuildPhase section */
		180F74DA1DED5E4C0000854B /* Sources */ = {
			isa = PBXSourcesBuildPhase;
			buildActionMask = 2147483647;
			files = (
				180F74E91DED5E4C0000854B /* ViewController.m in Sources */,
				180F74E61DED5E4C0000854B /* AppDelegate.m in Sources */,
				180F74E31DED5E4C0000854B /* main.m in Sources */,
				180F74FA1DED5E700000854B /* FYRootViewController.m in Sources */,
			);
			runOnlyForDeploymentPostprocessing = 0;
		};
/* End PBXSourcesBuildPhase section */

/* Begin PBXVariantGroup section */
		180F74EA1DED5E4C0000854B /* Main.storyboard */ = {
			isa = PBXVariantGroup;
			children = (
				180F74EB1DED5E4C0000854B /* Base */,
			);
			name = Main.storyboard;
			sourceTree = "<group>";
		};
		180F74EF1DED5E4C0000854B /* LaunchScreen.storyboard */ = {
			isa = PBXVariantGroup;
			children = (
				180F74F01DED5E4C0000854B /* Base */,
			);
			name = LaunchScreen.storyboard;
			sourceTree = "<group>";
		};
/* End PBXVariantGroup section */

/* Begin XCBuildConfiguration section */
		180F74F31DED5E4C0000854B /* Debug */ = {
			isa = XCBuildConfiguration;
			buildSettings = {
				ALWAYS_SEARCH_USER_PATHS = NO;
				CLANG_ANALYZER_NONNULL = YES;
				CLANG_CXX_LANGUAGE_STANDARD = "gnu++0x";
				CLANG_CXX_LIBRARY = "libc++";
				CLANG_ENABLE_MODULES = YES;
				CLANG_ENABLE_OBJC_ARC = YES;
				CLANG_WARN_BOOL_CONVERSION = YES;
				CLANG_WARN_CONSTANT_CONVERSION = YES;
				CLANG_WARN_DIRECT_OBJC_ISA_USAGE = YES_ERROR;
				CLANG_WARN_DOCUMENTATION_COMMENTS = YES;
				CLANG_WARN_EMPTY_BODY = YES;
				CLANG_WARN_ENUM_CONVERSION = YES;
				CLANG_WARN_INFINITE_RECURSION = YES;
				CLANG_WARN_INT_CONVERSION = YES;
				CLANG_WARN_OBJC_ROOT_CLASS = YES_ERROR;
				CLANG_WARN_SUSPICIOUS_MOVES = YES;
				CLANG_WARN_UNREACHABLE_CODE = YES;
				CLANG_WARN__DUPLICATE_METHOD_MATCH = YES;
				"CODE_SIGN_IDENTITY[sdk=iphoneos*]" = "iPhone Developer";
				COPY_PHASE_STRIP = NO;
				DEBUG_INFORMATION_FORMAT = dwarf;
				ENABLE_STRICT_OBJC_MSGSEND = YES;
				ENABLE_TESTABILITY = YES;
				GCC_C_LANGUAGE_STANDARD = gnu99;
				GCC_DYNAMIC_NO_PIC = NO;
				GCC_NO_COMMON_BLOCKS = YES;
				GCC_OPTIMIZATION_LEVEL = 0;
				GCC_PREPROCESSOR_DEFINITIONS = (
					"DEBUG=1",
					"$(inherited)",
				);
				GCC_WARN_64_TO_32_BIT_CONVERSION = YES;
				GCC_WARN_ABOUT_RETURN_TYPE = YES_ERROR;
				GCC_WARN_UNDECLARED_SELECTOR = YES;
				GCC_WARN_UNINITIALIZED_AUTOS = YES_AGGRESSIVE;
				GCC_WARN_UNUSED_FUNCTION = YES;
				GCC_WARN_UNUSED_VARIABLE = YES;
				IPHONEOS_DEPLOYMENT_TARGET = 10.1;
				MTL_ENABLE_DEBUG_INFO = YES;
				ONLY_ACTIVE_ARCH = YES;
				SDKROOT = iphoneos;
			};
			name = Debug;
		};
		180F74F41DED5E4C0000854B /* Release */ = {
			isa = XCBuildConfiguration;
			buildSettings = {
				ALWAYS_SEARCH_USER_PATHS = NO;
				CLANG_ANALYZER_NONNULL = YES;
				CLANG_CXX_LANGUAGE_STANDARD = "gnu++0x";
				CLANG_CXX_LIBRARY = "libc++";
				CLANG_ENABLE_MODULES = YES;
				CLANG_ENABLE_OBJC_ARC = YES;
				CLANG_WARN_BOOL_CONVERSION = YES;
				CLANG_WARN_CONSTANT_CONVERSION = YES;
				CLANG_WARN_DIRECT_OBJC_ISA_USAGE = YES_ERROR;
				CLANG_WARN_DOCUMENTATION_COMMENTS = YES;
				CLANG_WARN_EMPTY_BODY = YES;
				CLANG_WARN_ENUM_CONVERSION = YES;
				CLANG_WARN_INFINITE_RECURSION = YES;
				CLANG_WARN_INT_CONVERSION = YES;
				CLANG_WARN_OBJC_ROOT_CLASS = YES_ERROR;
				CLANG_WARN_SUSPICIOUS_MOVES = YES;
				CLANG_WARN_UNREACHABLE_CODE = YES;
				CLANG_WARN__DUPLICATE_METHOD_MATCH = YES;
				"CODE_SIGN_IDENTITY[sdk=iphoneos*]" = "iPhone Developer";
				COPY_PHASE_STRIP = NO;
				DEBUG_INFORMATION_FORMAT = "dwarf-with-dsym";
				ENABLE_NS_ASSERTIONS = NO;
				ENABLE_STRICT_OBJC_MSGSEND = YES;
				GCC_C_LANGUAGE_STANDARD = gnu99;
				GCC_NO_COMMON_BLOCKS = YES;
				GCC_WARN_64_TO_32_BIT_CONVERSION = YES;
				GCC_WARN_ABOUT_RETURN_TYPE = YES_ERROR;
				GCC_WARN_UNDECLARED_SELECTOR = YES;
				GCC_WARN_UNINITIALIZED_AUTOS = YES_AGGRESSIVE;
				GCC_WARN_UNUSED_FUNCTION = YES;
				GCC_WARN_UNUSED_VARIABLE = YES;
				IPHONEOS_DEPLOYMENT_TARGET = 10.1;
				MTL_ENABLE_DEBUG_INFO = NO;
				SDKROOT = iphoneos;
				VALIDATE_PRODUCT = YES;
			};
			name = Release;
		};
		180F74F61DED5E4C0000854B /* Debug */ = {
			isa = XCBuildConfiguration;
			buildSettings = {
				ASSETCATALOG_COMPILER_APPICON_NAME = AppIcon;
				DEVELOPMENT_TEAM = 58Z5LGMHU6;
				INFOPLIST_FILE = FYSearchViewControllorDemo/Info.plist;
				LD_RUNPATH_SEARCH_PATHS = "$(inherited) @executable_path/Frameworks";
				PRODUCT_BUNDLE_IDENTIFIER = com.hawk.fanxinmsg.FYSearchViewControllorDemo;
				PRODUCT_NAME = "$(TARGET_NAME)";
				PROVISIONING_PROFILE = "7a8295f3-4158-4c7a-b5ca-17195b173f9d";
				PROVISIONING_PROFILE_SPECIFIER = xc_dev;
			};
			name = Debug;
		};
		180F74F71DED5E4C0000854B /* Release */ = {
			isa = XCBuildConfiguration;
			buildSettings = {
				ASSETCATALOG_COMPILER_APPICON_NAME = AppIcon;
				DEVELOPMENT_TEAM = "";
				INFOPLIST_FILE = FYSearchViewControllorDemo/Info.plist;
				LD_RUNPATH_SEARCH_PATHS = "$(inherited) @executable_path/Frameworks";
				PRODUCT_BUNDLE_IDENTIFIER = com.hawk.fanxinmsg.FYSearchViewControllorDemo;
				PRODUCT_NAME = "$(TARGET_NAME)";
			};
			name = Release;
		};
/* End XCBuildConfiguration section */

/* Begin XCConfigurationList section */
		180F74D91DED5E4C0000854B /* Build configuration list for PBXProject "FYSearchViewControllorDemo" */ = {
			isa = XCConfigurationList;
			buildConfigurations = (
				180F74F31DED5E4C0000854B /* Debug */,
				180F74F41DED5E4C0000854B /* Release */,
			);
			defaultConfigurationIsVisible = 0;
			defaultConfigurationName = Release;
		};
		180F74F51DED5E4C0000854B /* Build configuration list for PBXNativeTarget "FYSearchViewControllorDemo" */ = {
			isa = XCConfigurationList;
			buildConfigurations = (
				180F74F61DED5E4C0000854B /* Debug */,
				180F74F71DED5E4C0000854B /* Release */,
			);
			defaultConfigurationIsVisible = 0;
			defaultConfigurationName = Release;
		};
/* End XCConfigurationList section */
	};
	rootObject = 180F74D61DED5E4C0000854B /* Project object */;
}
